
Microsoft Visual Studio Solution File, Format Version 12.00
# Visual Studio 15
VisualStudioVersion = 15.0.26730.12
MinimumVisualStudioVersion = 10.0.40219.1
Project("{FAE04EC0-301F-11D3-BF4B-00C04F79EFBC}") = "WindowsFormsApp2", "WindowsFormsApp2\WindowsFormsApp2.csproj", "{CBC93503-E2E2-4AF8-89A9-1479D030F498}"
EndProject
Global
	GlobalSection(SolutionConfigurationPlatforms) = preSolution
		Debug|Any CPU = Debug|Any CPU
		Release|Any CPU = Release|Any CPU
	EndGlobalSection
	GlobalSection(ProjectConfigurationPlatforms) = postSolution
		{CBC93503-E2E2-4AF8-89A9-1479D030F498}.Debug|Any CPU.ActiveCfg = Debug|Any CPU
		{CBC93503-E2E2-4AF8-89A9-1479D030F498}.Debug|Any CPU.Build.0 = Debug|Any CPU
		{CBC93503-E2E2-4AF8-89A9-1479D030F498}.Release|Any CPU.ActiveCfg = Release|Any CPU
		{CBC93503-E2E2-4AF8-89A9-1479D030F498}.Release|Any CPU.Build.0 = Release|Any CPU
	EndGlobalSection
	GlobalSection(SolutionProperties) = preSolution
		HideSolutionNode = FALSE
	EndGlobalSection
	GlobalSection(ExtensibilityGlobals) = postSolution
		SolutionGuid = {37628964-F536-4D2F-91D9-1B625A9398A1}
	EndGlobalSection
EndGlobal
